
Microsoft Visual Studio Solution File, Format Version 12.00
# Visual Studio Version 17
VisualStudioVersion = 17.11.35222.181
MinimumVisualStudioVersion = 10.0.40219.1
Project("{9A19103F-16F7-4668-BE54-9A1E7A4F7556}") = "ObjectOrientedPractics", "ObjectOrientedPractics.csproj", "{340A8B15-4106-4401-B06A-428C61C8AFD4}"
EndProject
Global
	GlobalSection(SolutionConfigurationPlatforms) = preSolution
		Debug|Any CPU = Debug|Any CPU
		Release|Any CPU = Release|Any CPU
	EndGlobalSection
	GlobalSection(ProjectConfigurationPlatforms) = postSolution
		{340A8B15-4106-4401-B06A-428C61C8AFD4}.Debug|Any CPU.ActiveCfg = Debug|Any CPU
		{340A8B15-4106-4401-B06A-428C61C8AFD4}.Debug|Any CPU.Build.0 = Debug|Any CPU
		{340A8B15-4106-4401-B06A-428C61C8AFD4}.Release|Any CPU.ActiveCfg = Release|Any CPU
		{340A8B15-4106-4401-B06A-428C61C8AFD4}.Release|Any CPU.Build.0 = Release|Any CPU
	EndGlobalSection
	GlobalSection(SolutionProperties) = preSolution
		HideSolutionNode = FALSE
	EndGlobalSection
	GlobalSection(ExtensibilityGlobals) = postSolution
		SolutionGuid = {C451D5E7-6AED-4CF8-A745-87EA1D5635C7}
	EndGlobalSection
EndGlobal
